
Microsoft Visual Studio Solution File, Format Version 12.00
# Visual Studio Version 16
VisualStudioVersion = 16.0.30621.155
MinimumVisualStudioVersion = 10.0.40219.1
Project("{9A19103F-16F7-4668-BE54-9A1E7A4F7556}") = "WebService", "WebService\WebService.csproj", "{86C504E5-CC84-4FD3-AF3E-26178D0962BF}"
EndProject
Project("{9A19103F-16F7-4668-BE54-9A1E7A4F7556}") = "IMDBDataService", "..\ImdbDataLayer\IMDBDataService.csproj", "{2A0D5860-FEF0-48EA-8454-5388DD13B5BA}"
EndProject
Global
	GlobalSection(SolutionConfigurationPlatforms) = preSolution
		Debug|Any CPU = Debug|Any CPU
		Release|Any CPU = Release|Any CPU
	EndGlobalSection
	GlobalSection(ProjectConfigurationPlatforms) = postSolution
		{86C504E5-CC84-4FD3-AF3E-26178D0962BF}.Debug|Any CPU.ActiveCfg = Debug|Any CPU
		{86C504E5-CC84-4FD3-AF3E-26178D0962BF}.Debug|Any CPU.Build.0 = Debug|Any CPU
		{86C504E5-CC84-4FD3-AF3E-26178D0962BF}.Release|Any CPU.ActiveCfg = Release|Any CPU
		{86C504E5-CC84-4FD3-AF3E-26178D0962BF}.Release|Any CPU.Build.0 = Release|Any CPU
		{2A0D5860-FEF0-48EA-8454-5388DD13B5BA}.Debug|Any CPU.ActiveCfg = Debug|Any CPU
		{2A0D5860-FEF0-48EA-8454-5388DD13B5BA}.Debug|Any CPU.Build.0 = Debug|Any CPU
		{2A0D5860-FEF0-48EA-8454-5388DD13B5BA}.Release|Any CPU.ActiveCfg = Release|Any CPU
		{2A0D5860-FEF0-48EA-8454-5388DD13B5BA}.Release|Any CPU.Build.0 = Release|Any CPU
	EndGlobalSection
	GlobalSection(SolutionProperties) = preSolution
		HideSolutionNode = FALSE
	EndGlobalSection
	GlobalSection(ExtensibilityGlobals) = postSolution
		SolutionGuid = {5BCFAF8D-5A69-4CA8-BB6D-28091B2BEF1B}
	EndGlobalSection
EndGlobal
